// !$*UTF8*$!
{
	archiveVersion = 1;
	classes = {
	};
	objectVersion = 77;
	objects = {

/* Begin PBXBuildFile section */
		0D917EFA99A85B37B626E92C /* NotchPanel.swift in Sources */ = {isa = PBXBuildFile; fileRef = 6CAD750884927DACAA9DBE8C /* NotchPanel.swift */; };
		130042E12DDB5579F6CF74A9 /* ScriptablePlayer.swift in Sources */ = {isa = PBXBuildFile; fileRef = 229DBAF71099822A87E16D6C /* ScriptablePlayer.swift */; };
		1B848A4742C874109745E7ED /* LilandApp.swift in Sources */ = {isa = PBXBuildFile; fileRef = FEAD58EA9C0B582FE66B13A0 /* LilandApp.swift */; };
		1C5930BDB8F92C207009C88D /* NotchWindowController.swift in Sources */ = {isa = PBXBuildFile; fileRef = DED12A053A44F62506EEF72F /* NotchWindowController.swift */; };
		21EF4F23239237EECB2F730B /* ExpandedPlayerView.swift in Sources */ = {isa = PBXBuildFile; fileRef = 6B24F5112B537B426A38030E /* ExpandedPlayerView.swift */; };
		328CF42C91077B2C2828D947 /* InfoPlist.strings in Resources */ = {isa = PBXBuildFile; fileRef = 41D54B7BDD61A8F2E2532302 /* InfoPlist.strings */; };
		367F4747C41A0AFA7E2BBD45 /* CompactView.swift in Sources */ = {isa = PBXBuildFile; fileRef = AFB13F37F9B9EAF58597F240 /* CompactView.swift */; };
		3BA741F6C43DA949C63FA3FD /* PlayerSnapshot.swift in Sources */ = {isa = PBXBuildFile; fileRef = 12DBA774EAB396F6A0CB6317 /* PlayerSnapshot.swift */; };
		4B4594F49040A81701D13C43 /* ArtworkColor.swift in Sources */ = {isa = PBXBuildFile; fileRef = 81A5867E0EE351EAB18FB1EC /* ArtworkColor.swift */; };
		50509B0F293028771F6C953E /* EqualizerView.swift in Sources */ = {isa = PBXBuildFile; fileRef = 933D4CC8C9F99BE37DECCCB8 /* EqualizerView.swift */; };
		5A507CCD2FC9F7666764E25B /* NotchShape.swift in Sources */ = {isa = PBXBuildFile; fileRef = 49C833CE0B295DEEF4C9228D /* NotchShape.swift */; };
		6A0D3B9E2D7F537460091648 /* Preferences.swift in Sources */ = {isa = PBXBuildFile; fileRef = 7BA1C1059B724FEF3406BDAE /* Preferences.swift */; };
		7CED3778AC950604788379AE /* NotchRootView.swift in Sources */ = {isa = PBXBuildFile; fileRef = D54BCDE58F9A7015FC0A3F7F /* NotchRootView.swift */; };
		89DFB1948B7CEF0D1A33CD01 /* Assets.xcassets in Resources */ = {isa = PBXBuildFile; fileRef = B25549D533DC4300E7A5B76D /* Assets.xcassets */; };
		944D2205A02A52BFBE5F7E77 /* NowPlayingController.swift in Sources */ = {isa = PBXBuildFile; fileRef = D6BBD7351A8824EE332393AD /* NowPlayingController.swift */; };
		9A5BE177F373ACDCC05BF3FA /* MessageView.swift in Sources */ = {isa = PBXBuildFile; fileRef = 3E49C768173AE41D83280AC9 /* MessageView.swift */; };
		A7C1A28483D12D2D99698F9A /* PlayerDefinition.swift in Sources */ = {isa = PBXBuildFile; fileRef = 2B4884C9C653EA6B7DAAE7B0 /* PlayerDefinition.swift */; };
		B12747F545FE8ABEC4DEE148 /* NotchGeometry.swift in Sources */ = {isa = PBXBuildFile; fileRef = C42CEDA11EF0BD97D74F3EDC /* NotchGeometry.swift */; };
		BCE369476FFAEE78AA348C65 /* AppDelegate.swift in Sources */ = {isa = PBXBuildFile; fileRef = 51642E39018CE68416E232D7 /* AppDelegate.swift */; };
		D6EC4990F1EFB997A1B0FD1E /* PlaybackProgressView.swift in Sources */ = {isa = PBXBuildFile; fileRef = B129AA8581E1B12167E00877 /* PlaybackProgressView.swift */; };
		DAD0346B81366456C2180D0F /* NotchViewModel.swift in Sources */ = {isa = PBXBuildFile; fileRef = AE3066ADF51C235F01B0C8C3 /* NotchViewModel.swift */; };
		F8C6F9722DCB8C5A18CB8DA8 /* Localizable.strings in Resources */ = {isa = PBXBuildFile; fileRef = 0BBF6F76E533C83133A2FA59 /* Localizable.strings */; };
		FBA8DBC2E1A6FFD063AF852C /* AppleScript.swift in Sources */ = {isa = PBXBuildFile; fileRef = D21358E5D764C5D63D0CE150 /* AppleScript.swift */; };
		FBD7F8A2A05334C0128E5D40 /* ArtworkView.swift in Sources */ = {isa = PBXBuildFile; fileRef = 4FF7F79C0D27F92FA2FDE57E /* ArtworkView.swift */; };
/* End PBXBuildFile section */

/* Begin PBXFileReference section */
		01C158E568F60AB85A5BF5FF /* zh-Hant */ = {isa = PBXFileReference; lastKnownFileType = text.plist.strings; name = "zh-Hant"; path = "zh-Hant.lproj/Localizable.strings"; sourceTree = "<group>"; };
		0B0644254720CCCB1DDF03C8 /* en */ = {isa = PBXFileReference; lastKnownFileType = text.plist.strings; name = en; path = en.lproj/Localizable.strings; sourceTree = "<group>"; };
		1043B82BDE3112677919A87D /* fr */ = {isa = PBXFileReference; lastKnownFileType = text.plist.strings; name = fr; path = fr.lproj/Localizable.strings; sourceTree = "<group>"; };
		122B32530A42545CAC007480 /* nb */ = {isa = PBXFileReference; lastKnownFileType = text.plist.strings; name = nb; path = nb.lproj/InfoPlist.strings; sourceTree = "<group>"; };
		12DBA774EAB396F6A0CB6317 /* PlayerSnapshot.swift */ = {isa = PBXFileReference; lastKnownFileType = sourcecode.swift; path = PlayerSnapshot.swift; sourceTree = "<group>"; };
		1A459365AE141D9C6F137982 /* nb */ = {isa = PBXFileReference; lastKnownFileType = text.plist.strings; name = nb; path = nb.lproj/Localizable.strings; sourceTree = "<group>"; };
		1BDB29EA0748F1C9FEC2904E /* ja */ = {isa = PBXFileReference; lastKnownFileType = text.plist.strings; name = ja; path = ja.lproj/InfoPlist.strings; sourceTree = "<group>"; };
		1D8DE20824633036CD628E76 /* uk */ = {isa = PBXFileReference; lastKnownFileType = text.plist.strings; name = uk; path = uk.lproj/Localizable.strings; sourceTree = "<group>"; };
		229DBAF71099822A87E16D6C /* ScriptablePlayer.swift */ = {isa = PBXFileReference; lastKnownFileType = sourcecode.swift; path = ScriptablePlayer.swift; sourceTree = "<group>"; };
		2B00F6063F0C1730446111FC /* Liland.app */ = {isa = PBXFileReference; explicitFileType = wrapper.application; includeInIndex = 0; path = Liland.app; sourceTree = BUILT_PRODUCTS_DIR; };
		2B4884C9C653EA6B7DAAE7B0 /* PlayerDefinition.swift */ = {isa = PBXFileReference; lastKnownFileType = sourcecode.swift; path = PlayerDefinition.swift; sourceTree = "<group>"; };
		3E49C768173AE41D83280AC9 /* MessageView.swift */ = {isa = PBXFileReference; lastKnownFileType = sourcecode.swift; path = MessageView.swift; sourceTree = "<group>"; };
		41021CA35311FD272C3E2E3D /* zh-Hans */ = {isa = PBXFileReference; lastKnownFileType = text.plist.strings; name = "zh-Hans"; path = "zh-Hans.lproj/InfoPlist.strings"; sourceTree = "<group>"; };
		416009D957FD9DAC9E2A207A /* sv */ = {isa = PBXFileReference; lastKnownFileType = text.plist.strings; name = sv; path = sv.lproj/Localizable.strings; sourceTree = "<group>"; };
		418E00DD8A277EB447BD0199 /* ko */ = {isa = PBXFileReference; lastKnownFileType = text.plist.strings; name = ko; path = ko.lproj/InfoPlist.strings; sourceTree = "<group>"; };
		41AB3BFF87159A9E094218B9 /* it */ = {isa = PBXFileReference; lastKnownFileType = text.plist.strings; name = it; path = it.lproj/InfoPlist.strings; sourceTree = "<group>"; };
		4370520016EEF90DAAFE2315 /* nl */ = {isa = PBXFileReference; lastKnownFileType = text.plist.strings; name = nl; path = nl.lproj/InfoPlist.strings; sourceTree = "<group>"; };
		45D52BADECF728B608D79FA6 /* de */ = {isa = PBXFileReference; lastKnownFileType = text.plist.strings; name = de; path = de.lproj/InfoPlist.strings; sourceTree = "<group>"; };
		47D8D171B8E3B993504BA1A4 /* Info.plist */ = {isa = PBXFileReference; lastKnownFileType = text.plist; path = Info.plist; sourceTree = "<group>"; };
		49C833CE0B295DEEF4C9228D /* NotchShape.swift */ = {isa = PBXFileReference; lastKnownFileType = sourcecode.swift; path = NotchShape.swift; sourceTree = "<group>"; };
		4A46990D1452D301205228A7 /* es */ = {isa = PBXFileReference; lastKnownFileType = text.plist.strings; name = es; path = es.lproj/Localizable.strings; sourceTree = "<group>"; };
		4FF7F79C0D27F92FA2FDE57E /* ArtworkView.swift */ = {isa = PBXFileReference; lastKnownFileType = sourcecode.swift; path = ArtworkView.swift; sourceTree = "<group>"; };
		50C9E4E87FD199F38E8BE36E /* pl */ = {isa = PBXFileReference; lastKnownFileType = text.plist.strings; name = pl; path = pl.lproj/Localizable.strings; sourceTree = "<group>"; };
		51642E39018CE68416E232D7 /* AppDelegate.swift */ = {isa = PBXFileReference; lastKnownFileType = sourcecode.swift; path = AppDelegate.swift; sourceTree = "<group>"; };
		5224DBBF1B2F8B803685480E /* ja */ = {isa = PBXFileReference; lastKnownFileType = text.plist.strings; name = ja; path = ja.lproj/Localizable.strings; sourceTree = "<group>"; };
		531E7FED504467C18CEA3F45 /* fr */ = {isa = PBXFileReference; lastKnownFileType = text.plist.strings; name = fr; path = fr.lproj/InfoPlist.strings; sourceTree = "<group>"; };
		5766EFAEA356D9F5718EDF10 /* de */ = {isa = PBXFileReference; lastKnownFileType = text.plist.strings; name = de; path = de.lproj/Localizable.strings; sourceTree = "<group>"; };
		628A962F394C40AA21EF0D6F /* pl */ = {isa = PBXFileReference; lastKnownFileType = text.plist.strings; name = pl; path = pl.lproj/InfoPlist.strings; sourceTree = "<group>"; };
		6308C89EC378A7794E57C446 /* tr */ = {isa = PBXFileReference; lastKnownFileType = text.plist.strings; name = tr; path = tr.lproj/Localizable.strings; sourceTree = "<group>"; };
		6B24F5112B537B426A38030E /* ExpandedPlayerView.swift */ = {isa = PBXFileReference; lastKnownFileType = sourcecode.swift; path = ExpandedPlayerView.swift; sourceTree = "<group>"; };
		6CAD750884927DACAA9DBE8C /* NotchPanel.swift */ = {isa = PBXFileReference; lastKnownFileType = sourcecode.swift; path = NotchPanel.swift; sourceTree = "<group>"; };
		6CBB4EEF880C6585FFA85C15 /* pt-BR */ = {isa = PBXFileReference; lastKnownFileType = text.plist.strings; name = "pt-BR"; path = "pt-BR.lproj/InfoPlist.strings"; sourceTree = "<group>"; };
		7BA1C1059B724FEF3406BDAE /* Preferences.swift */ = {isa = PBXFileReference; lastKnownFileType = sourcecode.swift; path = Preferences.swift; sourceTree = "<group>"; };
		81A5867E0EE351EAB18FB1EC /* ArtworkColor.swift */ = {isa = PBXFileReference; lastKnownFileType = sourcecode.swift; path = ArtworkColor.swift; sourceTree = "<group>"; };
		841F58C64C56D994B9C0B7E8 /* uk */ = {isa = PBXFileReference; lastKnownFileType = text.plist.strings; name = uk; path = uk.lproj/InfoPlist.strings; sourceTree = "<group>"; };
		8780260BAEB824A7A8136E78 /* tr */ = {isa = PBXFileReference; lastKnownFileType = text.plist.strings; name = tr; path = tr.lproj/InfoPlist.strings; sourceTree = "<group>"; };
		933D4CC8C9F99BE37DECCCB8 /* EqualizerView.swift */ = {isa = PBXFileReference; lastKnownFileType = sourcecode.swift; path = EqualizerView.swift; sourceTree = "<group>"; };
		9BD117C6662A9713A9AE94E7 /* pt-PT */ = {isa = PBXFileReference; lastKnownFileType = text.plist.strings; name = "pt-PT"; path = "pt-PT.lproj/Localizable.strings"; sourceTree = "<group>"; };
		9F3D252EA666078CF65F61B6 /* it */ = {isa = PBXFileReference; lastKnownFileType = text.plist.strings; name = it; path = it.lproj/Localizable.strings; sourceTree = "<group>"; };
		AE3066ADF51C235F01B0C8C3 /* NotchViewModel.swift */ = {isa = PBXFileReference; lastKnownFileType = sourcecode.swift; path = NotchViewModel.swift; sourceTree = "<group>"; };
		AFB13F37F9B9EAF58597F240 /* CompactView.swift */ = {isa = PBXFileReference; lastKnownFileType = sourcecode.swift; path = CompactView.swift; sourceTree = "<group>"; };
		AFE05D761E6082F1B30CD596 /* sv */ = {isa = PBXFileReference; lastKnownFileType = text.plist.strings; name = sv; path = sv.lproj/InfoPlist.strings; sourceTree = "<group>"; };
		B129AA8581E1B12167E00877 /* PlaybackProgressView.swift */ = {isa = PBXFileReference; lastKnownFileType = sourcecode.swift; path = PlaybackProgressView.swift; sourceTree = "<group>"; };
		B25549D533DC4300E7A5B76D /* Assets.xcassets */ = {isa = PBXFileReference; lastKnownFileType = folder.assetcatalog; path = Assets.xcassets; sourceTree = "<group>"; };
		B76555A7C9BA8CD596EEF47E /* zh-Hant */ = {isa = PBXFileReference; lastKnownFileType = text.plist.strings; name = "zh-Hant"; path = "zh-Hant.lproj/InfoPlist.strings"; sourceTree = "<group>"; };
		BD3162B097FC1D4BE4382B29 /* ru */ = {isa = PBXFileReference; lastKnownFileType = text.plist.strings; name = ru; path = ru.lproj/InfoPlist.strings; sourceTree = "<group>"; };
		C42BE32D90E503B93665C728 /* zh-Hans */ = {isa = PBXFileReference; lastKnownFileType = text.plist.strings; name = "zh-Hans"; path = "zh-Hans.lproj/Localizable.strings"; sourceTree = "<group>"; };
		C42CEDA11EF0BD97D74F3EDC /* NotchGeometry.swift */ = {isa = PBXFileReference; lastKnownFileType = sourcecode.swift; path = NotchGeometry.swift; sourceTree = "<group>"; };
		C592C1D39FFDEBFE0B4536F4 /* da */ = {isa = PBXFileReference; lastKnownFileType = text.plist.strings; name = da; path = da.lproj/InfoPlist.strings; sourceTree = "<group>"; };
		CF067F542CB812044A1AB1CE /* Liland.entitlements */ = {isa = PBXFileReference; lastKnownFileType = text.plist.entitlements; path = Liland.entitlements; sourceTree = "<group>"; };
		CF10783F1695922A6A3A1688 /* ko */ = {isa = PBXFileReference; lastKnownFileType = text.plist.strings; name = ko; path = ko.lproj/Localizable.strings; sourceTree = "<group>"; };
		D21358E5D764C5D63D0CE150 /* AppleScript.swift */ = {isa = PBXFileReference; lastKnownFileType = sourcecode.swift; path = AppleScript.swift; sourceTree = "<group>"; };
		D54BCDE58F9A7015FC0A3F7F /* NotchRootView.swift */ = {isa = PBXFileReference; lastKnownFileType = sourcecode.swift; path = NotchRootView.swift; sourceTree = "<group>"; };
		D6BBD7351A8824EE332393AD /* NowPlayingController.swift */ = {isa = PBXFileReference; lastKnownFileType = sourcecode.swift; path = NowPlayingController.swift; sourceTree = "<group>"; };
		DED12A053A44F62506EEF72F /* NotchWindowController.swift */ = {isa = PBXFileReference; lastKnownFileType = sourcecode.swift; path = NotchWindowController.swift; sourceTree = "<group>"; };
		EAE9A38DAA6F558BF0F87ABC /* fi */ = {isa = PBXFileReference; lastKnownFileType = text.plist.strings; name = fi; path = fi.lproj/InfoPlist.strings; sourceTree = "<group>"; };
		EB5100B53AF801807022ACE3 /* es */ = {isa = PBXFileReference; lastKnownFileType = text.plist.strings; name = es; path = es.lproj/InfoPlist.strings; sourceTree = "<group>"; };
		ECCC30D1521CCC4581B1B022 /* en */ = {isa = PBXFileReference; lastKnownFileType = text.plist.strings; name = en; path = en.lproj/InfoPlist.strings; sourceTree = "<group>"; };
		EE19ABF6EA786E24C7E082CF /* da */ = {isa = PBXFileReference; lastKnownFileType = text.plist.strings; name = da; path = da.lproj/Localizable.strings; sourceTree = "<group>"; };
		EE7170E6026421586497868D /* nl */ = {isa = PBXFileReference; lastKnownFileType = text.plist.strings; name = nl; path = nl.lproj/Localizable.strings; sourceTree = "<group>"; };
		F8D8B7844B0A990EEC90CC2E /* fi */ = {isa = PBXFileReference; lastKnownFileType = text.plist.strings; name = fi; path = fi.lproj/Localizable.strings; sourceTree = "<group>"; };
		FA080F6ECC38B69D5399003D /* pt-BR */ = {isa = PBXFileReference; lastKnownFileType = text.plist.strings; name = "pt-BR"; path = "pt-BR.lproj/Localizable.strings"; sourceTree = "<group>"; };
		FAD7EB6EB3D6ABDE63102980 /* ru */ = {isa = PBXFileReference; lastKnownFileType = text.plist.strings; name = ru; path = ru.lproj/Localizable.strings; sourceTree = "<group>"; };
		FC4C836897F609BFB1030610 /* pt-PT */ = {isa = PBXFileReference; lastKnownFileType = text.plist.strings; name = "pt-PT"; path = "pt-PT.lproj/InfoPlist.strings"; sourceTree = "<group>"; };
		FEAD58EA9C0B582FE66B13A0 /* LilandApp.swift */ = {isa = PBXFileReference; lastKnownFileType = sourcecode.swift; path = LilandApp.swift; sourceTree = "<group>"; };
/* End PBXFileReference section */

/* Begin PBXGroup section */
		0CC1C862FD74BE3EF888B0A2 /* Liland */ = {
			isa = PBXGroup;
			children = (
				88396B51FA0DB4E3C50260DF /* App */,
				9929B639BC4C371160BD8D59 /* Notch */,
				DAE4DDB8AEB2D8F0EC7C852E /* Players */,
				27292749EB398989DA3253D4 /* Resources */,
				4E2D0AE63A5EF41746C3D2C4 /* Views */,
			);
			path = Liland;
			sourceTree = "<group>";
		};
		27292749EB398989DA3253D4 /* Resources */ = {
			isa = PBXGroup;
			children = (
				B25549D533DC4300E7A5B76D /* Assets.xcassets */,
				47D8D171B8E3B993504BA1A4 /* Info.plist */,
				CF067F542CB812044A1AB1CE /* Liland.entitlements */,
				41D54B7BDD61A8F2E2532302 /* InfoPlist.strings */,
				0BBF6F76E533C83133A2FA59 /* Localizable.strings */,
			);
			path = Resources;
			sourceTree = "<group>";
		};
		4E2D0AE63A5EF41746C3D2C4 /* Views */ = {
			isa = PBXGroup;
			children = (
				4FF7F79C0D27F92FA2FDE57E /* ArtworkView.swift */,
				AFB13F37F9B9EAF58597F240 /* CompactView.swift */,
				933D4CC8C9F99BE37DECCCB8 /* EqualizerView.swift */,
				6B24F5112B537B426A38030E /* ExpandedPlayerView.swift */,
				3E49C768173AE41D83280AC9 /* MessageView.swift */,
				D54BCDE58F9A7015FC0A3F7F /* NotchRootView.swift */,
				B129AA8581E1B12167E00877 /* PlaybackProgressView.swift */,
			);
			path = Views;
			sourceTree = "<group>";
		};
		4E8B3C88BA697EB02AC4E0A4 = {
			isa = PBXGroup;
			children = (
				0CC1C862FD74BE3EF888B0A2 /* Liland */,
				84DB3B0071AB5073B631A0FC /* Products */,
			);
			sourceTree = "<group>";
		};
		84DB3B0071AB5073B631A0FC /* Products */ = {
			isa = PBXGroup;
			children = (
				2B00F6063F0C1730446111FC /* Liland.app */,
			);
			name = Products;
			sourceTree = "<group>";
		};
		88396B51FA0DB4E3C50260DF /* App */ = {
			isa = PBXGroup;
			children = (
				51642E39018CE68416E232D7 /* AppDelegate.swift */,
				FEAD58EA9C0B582FE66B13A0 /* LilandApp.swift */,
				7BA1C1059B724FEF3406BDAE /* Preferences.swift */,
			);
			path = App;
			sourceTree = "<group>";
		};
		9929B639BC4C371160BD8D59 /* Notch */ = {
			isa = PBXGroup;
			children = (
				C42CEDA11EF0BD97D74F3EDC /* NotchGeometry.swift */,
				6CAD750884927DACAA9DBE8C /* NotchPanel.swift */,
				49C833CE0B295DEEF4C9228D /* NotchShape.swift */,
				AE3066ADF51C235F01B0C8C3 /* NotchViewModel.swift */,
				DED12A053A44F62506EEF72F /* NotchWindowController.swift */,
			);
			path = Notch;
			sourceTree = "<group>";
		};
		DAE4DDB8AEB2D8F0EC7C852E /* Players */ = {
			isa = PBXGroup;
			children = (
				D21358E5D764C5D63D0CE150 /* AppleScript.swift */,
				81A5867E0EE351EAB18FB1EC /* ArtworkColor.swift */,
				D6BBD7351A8824EE332393AD /* NowPlayingController.swift */,
				2B4884C9C653EA6B7DAAE7B0 /* PlayerDefinition.swift */,
				12DBA774EAB396F6A0CB6317 /* PlayerSnapshot.swift */,
				229DBAF71099822A87E16D6C /* ScriptablePlayer.swift */,
			);
			path = Players;
			sourceTree = "<group>";
		};
/* End PBXGroup section */

/* Begin PBXNativeTarget section */
		E7BA04E936E11F88F974A38C /* Liland */ = {
			isa = PBXNativeTarget;
			buildConfigurationList = ECDB26B70E136657E31B269A /* Build configuration list for PBXNativeTarget "Liland" */;
			buildPhases = (
				DE9374E039C93249F9A31FD1 /* Sources */,
				9CFA5BD2790C0EDAE415EFCB /* Resources */,
			);
			buildRules = (
			);
			dependencies = (
			);
			name = Liland;
			packageProductDependencies = (
			);
			productName = Liland;
			productReference = 2B00F6063F0C1730446111FC /* Liland.app */;
			productType = "com.apple.product-type.application";
		};
/* End PBXNativeTarget section */

/* Begin PBXProject section */
		7CAF110AAEF056DB80B9D8F8 /* Project object */ = {
			isa = PBXProject;
			attributes = {
				BuildIndependentTargetsInParallel = YES;
				LastUpgradeCheck = 1430;
				TargetAttributes = {
					E7BA04E936E11F88F974A38C = {
						ProvisioningStyle = Manual;
					};
				};
			};
			buildConfigurationList = 76B9DE7175A8FFA165ECFE32 /* Build configuration list for PBXProject "Liland" */;
			developmentRegion = en;
			hasScannedForEncodings = 0;
			knownRegions = (
				Base,
				da,
				de,
				en,
				es,
				fi,
				fr,
				it,
				ja,
				ko,
				nb,
				nl,
				pl,
				"pt-BR",
				"pt-PT",
				ru,
				sv,
				tr,
				uk,
				"zh-Hans",
				"zh-Hant",
			);
			mainGroup = 4E8B3C88BA697EB02AC4E0A4;
			minimizedProjectReferenceProxies = 1;
			preferredProjectObjectVersion = 77;
			productRefGroup = 84DB3B0071AB5073B631A0FC /* Products */;
			projectDirPath = "";
			projectRoot = "";
			targets = (
				E7BA04E936E11F88F974A38C /* Liland */,
			);
		};
/* End PBXProject section */

/* Begin PBXResourcesBuildPhase section */
		9CFA5BD2790C0EDAE415EFCB /* Resources */ = {
			isa = PBXResourcesBuildPhase;
			buildActionMask = 2147483647;
			files = (
				89DFB1948B7CEF0D1A33CD01 /* Assets.xcassets in Resources */,
				328CF42C91077B2C2828D947 /* InfoPlist.strings in Resources */,
				F8C6F9722DCB8C5A18CB8DA8 /* Localizable.strings in Resources */,
			);
			runOnlyForDeploymentPostprocessing = 0;
		};
/* End PBXResourcesBuildPhase section */

/* Begin PBXSourcesBuildPhase section */
		DE9374E039C93249F9A31FD1 /* Sources */ = {
			isa = PBXSourcesBuildPhase;
			buildActionMask = 2147483647;
			files = (
				BCE369476FFAEE78AA348C65 /* AppDelegate.swift in Sources */,
				FBA8DBC2E1A6FFD063AF852C /* AppleScript.swift in Sources */,
				4B4594F49040A81701D13C43 /* ArtworkColor.swift in Sources */,
				FBD7F8A2A05334C0128E5D40 /* ArtworkView.swift in Sources */,
				367F4747C41A0AFA7E2BBD45 /* CompactView.swift in Sources */,
				50509B0F293028771F6C953E /* EqualizerView.swift in Sources */,
				21EF4F23239237EECB2F730B /* ExpandedPlayerView.swift in Sources */,
				1B848A4742C874109745E7ED /* LilandApp.swift in Sources */,
				9A5BE177F373ACDCC05BF3FA /* MessageView.swift in Sources */,
				B12747F545FE8ABEC4DEE148 /* NotchGeometry.swift in Sources */,
				0D917EFA99A85B37B626E92C /* NotchPanel.swift in Sources */,
				7CED3778AC950604788379AE /* NotchRootView.swift in Sources */,
				5A507CCD2FC9F7666764E25B /* NotchShape.swift in Sources */,
				DAD0346B81366456C2180D0F /* NotchViewModel.swift in Sources */,
				1C5930BDB8F92C207009C88D /* NotchWindowController.swift in Sources */,
				944D2205A02A52BFBE5F7E77 /* NowPlayingController.swift in Sources */,
				D6EC4990F1EFB997A1B0FD1E /* PlaybackProgressView.swift in Sources */,
				A7C1A28483D12D2D99698F9A /* PlayerDefinition.swift in Sources */,
				3BA741F6C43DA949C63FA3FD /* PlayerSnapshot.swift in Sources */,
				6A0D3B9E2D7F537460091648 /* Preferences.swift in Sources */,
				130042E12DDB5579F6CF74A9 /* ScriptablePlayer.swift in Sources */,
			);
			runOnlyForDeploymentPostprocessing = 0;
		};
/* End PBXSourcesBuildPhase section */

/* Begin PBXVariantGroup section */
		0BBF6F76E533C83133A2FA59 /* Localizable.strings */ = {
			isa = PBXVariantGroup;
			children = (
				EE19ABF6EA786E24C7E082CF /* da */,
				5766EFAEA356D9F5718EDF10 /* de */,
				0B0644254720CCCB1DDF03C8 /* en */,
				4A46990D1452D301205228A7 /* es */,
				F8D8B7844B0A990EEC90CC2E /* fi */,
				1043B82BDE3112677919A87D /* fr */,
				9F3D252EA666078CF65F61B6 /* it */,
				5224DBBF1B2F8B803685480E /* ja */,
				CF10783F1695922A6A3A1688 /* ko */,
				1A459365AE141D9C6F137982 /* nb */,
				EE7170E6026421586497868D /* nl */,
				50C9E4E87FD199F38E8BE36E /* pl */,
				FA080F6ECC38B69D5399003D /* pt-BR */,
				9BD117C6662A9713A9AE94E7 /* pt-PT */,
				FAD7EB6EB3D6ABDE63102980 /* ru */,
				416009D957FD9DAC9E2A207A /* sv */,
				6308C89EC378A7794E57C446 /* tr */,
				1D8DE20824633036CD628E76 /* uk */,
				C42BE32D90E503B93665C728 /* zh-Hans */,
				01C158E568F60AB85A5BF5FF /* zh-Hant */,
			);
			name = Localizable.strings;
			sourceTree = "<group>";
		};
		41D54B7BDD61A8F2E2532302 /* InfoPlist.strings */ = {
			isa = PBXVariantGroup;
			children = (
				C592C1D39FFDEBFE0B4536F4 /* da */,
				45D52BADECF728B608D79FA6 /* de */,
				ECCC30D1521CCC4581B1B022 /* en */,
				EB5100B53AF801807022ACE3 /* es */,
				EAE9A38DAA6F558BF0F87ABC /* fi */,
				531E7FED504467C18CEA3F45 /* fr */,
				41AB3BFF87159A9E094218B9 /* it */,
				1BDB29EA0748F1C9FEC2904E /* ja */,
				418E00DD8A277EB447BD0199 /* ko */,
				122B32530A42545CAC007480 /* nb */,
				4370520016EEF90DAAFE2315 /* nl */,
				628A962F394C40AA21EF0D6F /* pl */,
				6CBB4EEF880C6585FFA85C15 /* pt-BR */,
				FC4C836897F609BFB1030610 /* pt-PT */,
				BD3162B097FC1D4BE4382B29 /* ru */,
				AFE05D761E6082F1B30CD596 /* sv */,
				8780260BAEB824A7A8136E78 /* tr */,
				841F58C64C56D994B9C0B7E8 /* uk */,
				41021CA35311FD272C3E2E3D /* zh-Hans */,
				B76555A7C9BA8CD596EEF47E /* zh-Hant */,
			);
			name = InfoPlist.strings;
			sourceTree = "<group>";
		};
/* End PBXVariantGroup section */

/* Begin XCBuildConfiguration section */
		0FC8C241D91A6583627345D6 /* Release */ = {
			isa = XCBuildConfiguration;
			buildSettings = {
				ALWAYS_SEARCH_USER_PATHS = NO;
				CLANG_ANALYZER_NONNULL = YES;
				CLANG_ANALYZER_NUMBER_OBJECT_CONVERSION = YES_AGGRESSIVE;
				CLANG_CXX_LANGUAGE_STANDARD = "gnu++14";
				CLANG_CXX_LIBRARY = "libc++";
				CLANG_ENABLE_MODULES = YES;
				CLANG_ENABLE_OBJC_ARC = YES;
				CLANG_ENABLE_OBJC_WEAK = YES;
				CLANG_WARN_BLOCK_CAPTURE_AUTORELEASING = YES;
				CLANG_WARN_BOOL_CONVERSION = YES;
				CLANG_WARN_COMMA = YES;
				CLANG_WARN_CONSTANT_CONVERSION = YES;
				CLANG_WARN_DEPRECATED_OBJC_IMPLEMENTATIONS = YES;
				CLANG_WARN_DIRECT_OBJC_ISA_USAGE = YES_ERROR;
				CLANG_WARN_DOCUMENTATION_COMMENTS = YES;
				CLANG_WARN_EMPTY_BODY = YES;
				CLANG_WARN_ENUM_CONVERSION = YES;
				CLANG_WARN_INFINITE_RECURSION = YES;
				CLANG_WARN_INT_CONVERSION = YES;
				CLANG_WARN_NON_LITERAL_NULL_CONVERSION = YES;
				CLANG_WARN_OBJC_IMPLICIT_RETAIN_SELF = YES;
				CLANG_WARN_OBJC_LITERAL_CONVERSION = YES;
				CLANG_WARN_OBJC_ROOT_CLASS = YES_ERROR;
				CLANG_WARN_QUOTED_INCLUDE_IN_FRAMEWORK_HEADER = YES;
				CLANG_WARN_RANGE_LOOP_ANALYSIS = YES;
				CLANG_WARN_STRICT_PROTOTYPES = YES;
				CLANG_WARN_SUSPICIOUS_MOVE = YES;
				CLANG_WARN_UNGUARDED_AVAILABILITY = YES_AGGRESSIVE;
				CLANG_WARN_UNREACHABLE_CODE = YES;
				CLANG_WARN__DUPLICATE_METHOD_MATCH = YES;
				COPY_PHASE_STRIP = NO;
				CURRENT_PROJECT_VERSION = 1;
				DEBUG_INFORMATION_FORMAT = "dwarf-with-dsym";
				ENABLE_NS_ASSERTIONS = NO;
				ENABLE_STRICT_OBJC_MSGSEND = YES;
				GCC_C_LANGUAGE_STANDARD = gnu11;
				GCC_NO_COMMON_BLOCKS = YES;
				GCC_WARN_64_TO_32_BIT_CONVERSION = YES;
				GCC_WARN_ABOUT_RETURN_TYPE = YES_ERROR;
				GCC_WARN_UNDECLARED_SELECTOR = YES;
				GCC_WARN_UNINITIALIZED_AUTOS = YES_AGGRESSIVE;
				GCC_WARN_UNUSED_FUNCTION = YES;
				GCC_WARN_UNUSED_VARIABLE = YES;
				MACOSX_DEPLOYMENT_TARGET = 14.0;
				MARKETING_VERSION = 1.0.0;
				MTL_ENABLE_DEBUG_INFO = NO;
				MTL_FAST_MATH = YES;
				PRODUCT_NAME = "$(TARGET_NAME)";
				SDKROOT = macosx;
				SWIFT_COMPILATION_MODE = wholemodule;
				SWIFT_OPTIMIZATION_LEVEL = "-O";
				SWIFT_VERSION = 5.0;
			};
			name = Release;
		};
		C9F02EE10D3D868C93D8C148 /* Debug */ = {
			isa = XCBuildConfiguration;
			buildSettings = {
				ALWAYS_SEARCH_USER_PATHS = NO;
				CLANG_ANALYZER_NONNULL = YES;
				CLANG_ANALYZER_NUMBER_OBJECT_CONVERSION = YES_AGGRESSIVE;
				CLANG_CXX_LANGUAGE_STANDARD = "gnu++14";
				CLANG_CXX_LIBRARY = "libc++";
				CLANG_ENABLE_MODULES = YES;
				CLANG_ENABLE_OBJC_ARC = YES;
				CLANG_ENABLE_OBJC_WEAK = YES;
				CLANG_WARN_BLOCK_CAPTURE_AUTORELEASING = YES;
				CLANG_WARN_BOOL_CONVERSION = YES;
				CLANG_WARN_COMMA = YES;
				CLANG_WARN_CONSTANT_CONVERSION = YES;
				CLANG_WARN_DEPRECATED_OBJC_IMPLEMENTATIONS = YES;
				CLANG_WARN_DIRECT_OBJC_ISA_USAGE = YES_ERROR;
				CLANG_WARN_DOCUMENTATION_COMMENTS = YES;
				CLANG_WARN_EMPTY_BODY = YES;
				CLANG_WARN_ENUM_CONVERSION = YES;
				CLANG_WARN_INFINITE_RECURSION = YES;
				CLANG_WARN_INT_CONVERSION = YES;
				CLANG_WARN_NON_LITERAL_NULL_CONVERSION = YES;
				CLANG_WARN_OBJC_IMPLICIT_RETAIN_SELF = YES;
				CLANG_WARN_OBJC_LITERAL_CONVERSION = YES;
				CLANG_WARN_OBJC_ROOT_CLASS = YES_ERROR;
				CLANG_WARN_QUOTED_INCLUDE_IN_FRAMEWORK_HEADER = YES;
				CLANG_WARN_RANGE_LOOP_ANALYSIS = YES;
				CLANG_WARN_STRICT_PROTOTYPES = YES;
				CLANG_WARN_SUSPICIOUS_MOVE = YES;
				CLANG_WARN_UNGUARDED_AVAILABILITY = YES_AGGRESSIVE;
				CLANG_WARN_UNREACHABLE_CODE = YES;
				CLANG_WARN__DUPLICATE_METHOD_MATCH = YES;
				COPY_PHASE_STRIP = NO;
				CURRENT_PROJECT_VERSION = 1;
				DEBUG_INFORMATION_FORMAT = dwarf;
				ENABLE_STRICT_OBJC_MSGSEND = YES;
				ENABLE_TESTABILITY = YES;
				GCC_C_LANGUAGE_STANDARD = gnu11;
				GCC_DYNAMIC_NO_PIC = NO;
				GCC_NO_COMMON_BLOCKS = YES;
				GCC_OPTIMIZATION_LEVEL = 0;
				GCC_PREPROCESSOR_DEFINITIONS = (
					"$(inherited)",
					"DEBUG=1",
				);
				GCC_WARN_64_TO_32_BIT_CONVERSION = YES;
				GCC_WARN_ABOUT_RETURN_TYPE = YES_ERROR;
				GCC_WARN_UNDECLARED_SELECTOR = YES;
				GCC_WARN_UNINITIALIZED_AUTOS = YES_AGGRESSIVE;
				GCC_WARN_UNUSED_FUNCTION = YES;
				GCC_WARN_UNUSED_VARIABLE = YES;
				MACOSX_DEPLOYMENT_TARGET = 14.0;
				MARKETING_VERSION = 1.0.0;
				MTL_ENABLE_DEBUG_INFO = INCLUDE_SOURCE;
				MTL_FAST_MATH = YES;
				ONLY_ACTIVE_ARCH = YES;
				PRODUCT_NAME = "$(TARGET_NAME)";
				SDKROOT = macosx;
				SWIFT_ACTIVE_COMPILATION_CONDITIONS = DEBUG;
				SWIFT_OPTIMIZATION_LEVEL = "-Onone";
				SWIFT_VERSION = 5.0;
			};
			name = Debug;
		};
		E63BC9FA3C54AD3781A24499 /* Release */ = {
			isa = XCBuildConfiguration;
			buildSettings = {
				ASSETCATALOG_COMPILER_APPICON_NAME = AppIcon;
				CODE_SIGN_ENTITLEMENTS = Liland/Resources/Liland.entitlements;
				CODE_SIGN_IDENTITY = "-";
				CODE_SIGN_STYLE = Manual;
				COMBINE_HIDPI_IMAGES = YES;
				ENABLE_HARDENED_RUNTIME = YES;
				INFOPLIST_FILE = Liland/Resources/Info.plist;
				LD_RUNPATH_SEARCH_PATHS = (
					"$(inherited)",
					"@executable_path/../Frameworks",
				);
				PRODUCT_BUNDLE_IDENTIFIER = com.flaviasilva.Liland;
				PRODUCT_NAME = Liland;
				SDKROOT = macosx;
			};
			name = Release;
		};
		E95E046634813F11CBA3680C /* Debug */ = {
			isa = XCBuildConfiguration;
			buildSettings = {
				ASSETCATALOG_COMPILER_APPICON_NAME = AppIcon;
				CODE_SIGN_ENTITLEMENTS = Liland/Resources/Liland.entitlements;
				CODE_SIGN_IDENTITY = "-";
				CODE_SIGN_STYLE = Manual;
				COMBINE_HIDPI_IMAGES = YES;
				ENABLE_HARDENED_RUNTIME = YES;
				INFOPLIST_FILE = Liland/Resources/Info.plist;
				LD_RUNPATH_SEARCH_PATHS = (
					"$(inherited)",
					"@executable_path/../Frameworks",
				);
				PRODUCT_BUNDLE_IDENTIFIER = com.flaviasilva.Liland;
				PRODUCT_NAME = Liland;
				SDKROOT = macosx;
			};
			name = Debug;
		};
/* End XCBuildConfiguration section */

/* Begin XCConfigurationList section */
		76B9DE7175A8FFA165ECFE32 /* Build configuration list for PBXProject "Liland" */ = {
			isa = XCConfigurationList;
			buildConfigurations = (
				C9F02EE10D3D868C93D8C148 /* Debug */,
				0FC8C241D91A6583627345D6 /* Release */,
			);
			defaultConfigurationIsVisible = 0;
			defaultConfigurationName = Debug;
		};
		ECDB26B70E136657E31B269A /* Build configuration list for PBXNativeTarget "Liland" */ = {
			isa = XCConfigurationList;
			buildConfigurations = (
				E95E046634813F11CBA3680C /* Debug */,
				E63BC9FA3C54AD3781A24499 /* Release */,
			);
			defaultConfigurationIsVisible = 0;
			defaultConfigurationName = Debug;
		};
/* End XCConfigurationList section */
	};
	rootObject = 7CAF110AAEF056DB80B9D8F8 /* Project object */;
}
